
Microsoft Visual Studio Solution File, Format Version 12.00
# Visual Studio Version 16
VisualStudioVersion = 16.0.31105.61
MinimumVisualStudioVersion = 10.0.40219.1
Project("{9A19103F-16F7-4668-BE54-9A1E7A4F7556}") = "Games", "Games\Games.csproj", "{49443E99-25EA-4A04-83EB-EE54B802F6F8}"
EndProject
Project("{9A19103F-16F7-4668-BE54-9A1E7A4F7556}") = "GamesConsole", "D:\zapisis\Games\Games\GamesConsole.csproj", "{20E14A5D-1960-4A90-BB2E-099DFB56516B}"
EndProject
Global
	GlobalSection(SolutionConfigurationPlatforms) = preSolution
		Debug|Any CPU = Debug|Any CPU
		Release|Any CPU = Release|Any CPU
	EndGlobalSection
	GlobalSection(ProjectConfigurationPlatforms) = postSolution
		{49443E99-25EA-4A04-83EB-EE54B802F6F8}.Debug|Any CPU.ActiveCfg = Debug|Any CPU
		{49443E99-25EA-4A04-83EB-EE54B802F6F8}.Debug|Any CPU.Build.0 = Debug|Any CPU
		{49443E99-25EA-4A04-83EB-EE54B802F6F8}.Release|Any CPU.ActiveCfg = Release|Any CPU
		{49443E99-25EA-4A04-83EB-EE54B802F6F8}.Release|Any CPU.Build.0 = Release|Any CPU
		{20E14A5D-1960-4A90-BB2E-099DFB56516B}.Debug|Any CPU.ActiveCfg = Debug|Any CPU
		{20E14A5D-1960-4A90-BB2E-099DFB56516B}.Debug|Any CPU.Build.0 = Debug|Any CPU
		{20E14A5D-1960-4A90-BB2E-099DFB56516B}.Release|Any CPU.ActiveCfg = Release|Any CPU
		{20E14A5D-1960-4A90-BB2E-099DFB56516B}.Release|Any CPU.Build.0 = Release|Any CPU
	EndGlobalSection
	GlobalSection(SolutionProperties) = preSolution
		HideSolutionNode = FALSE
	EndGlobalSection
	GlobalSection(ExtensibilityGlobals) = postSolution
		SolutionGuid = {58CAFF5C-8ECC-47D1-A00B-DF0211482DC8}
	EndGlobalSection
EndGlobal
